
Microsoft Visual Studio Solution File, Format Version 12.00
# Visual Studio 15
Project("{FAE04EC0-301F-11D3-BF4B-00C04F79EFBC}") = "Assembly-CSharp", "Assembly-CSharp.csproj", "{80111794-AAA2-D0A7-FA37-FB635ED5F227}"
EndProject
Project("{FAE04EC0-301F-11D3-BF4B-00C04F79EFBC}") = "Assembly-CSharp-Editor", "Assembly-CSharp-Editor.csproj", "{C9C8E0ED-86D7-0E7A-6CB8-49A0F429A75D}"
EndProject
Global
	GlobalSection(SolutionConfigurationPlatforms) = preSolution
		Debug|Any CPU = Debug|Any CPU
		Release|Any CPU = Release|Any CPU
	EndGlobalSection
	GlobalSection(ProjectConfigurationPlatforms) = postSolution
		{80111794-AAA2-D0A7-FA37-FB635ED5F227}.Debug|Any CPU.ActiveCfg = Debug|Any CPU
		{80111794-AAA2-D0A7-FA37-FB635ED5F227}.Debug|Any CPU.Build.0 = Debug|Any CPU
		{80111794-AAA2-D0A7-FA37-FB635ED5F227}.Release|Any CPU.ActiveCfg = Release|Any CPU
		{80111794-AAA2-D0A7-FA37-FB635ED5F227}.Release|Any CPU.Build.0 = Release|Any CPU
		{C9C8E0ED-86D7-0E7A-6CB8-49A0F429A75D}.Debug|Any CPU.ActiveCfg = Debug|Any CPU
		{C9C8E0ED-86D7-0E7A-6CB8-49A0F429A75D}.Debug|Any CPU.Build.0 = Debug|Any CPU
		{C9C8E0ED-86D7-0E7A-6CB8-49A0F429A75D}.Release|Any CPU.ActiveCfg = Release|Any CPU
		{C9C8E0ED-86D7-0E7A-6CB8-49A0F429A75D}.Release|Any CPU.Build.0 = Release|Any CPU
	EndGlobalSection
	GlobalSection(SolutionProperties) = preSolution
		HideSolutionNode = FALSE
	EndGlobalSection
EndGlobal
